// !$*UTF8*$!
{
	archiveVersion = 1;
	classes = {
	};
	objectVersion = 56;
	objects = {

/* Begin PBXBuildFile section */
		314E03D32BE377EE0048F8C6 /* swift_tip_calculatorApp.swift in Sources */ = {isa = PBXBuildFile; fileRef = 314E03D22BE377EE0048F8C6 /* swift_tip_calculatorApp.swift */; };
		314E03D52BE377EE0048F8C6 /* ContentView.swift in Sources */ = {isa = PBXBuildFile; fileRef = 314E03D42BE377EE0048F8C6 /* ContentView.swift */; };
		314E03D72BE377EF0048F8C6 /* Assets.xcassets in Resources */ = {isa = PBXBuildFile; fileRef = 314E03D62BE377EF0048F8C6 /* Assets.xcassets */; };
		314E03DA2BE377EF0048F8C6 /* Preview Assets.xcassets in Resources */ = {isa = PBXBuildFile; fileRef = 314E03D92BE377EF0048F8C6 /* Preview Assets.xcassets */; };
		314E03E42BE377EF0048F8C6 /* swift_tip_calculatorTests.swift in Sources */ = {isa = PBXBuildFile; fileRef = 314E03E32BE377EF0048F8C6 /* swift_tip_calculatorTests.swift */; };
		314E03EE2BE377F00048F8C6 /* swift_tip_calculatorUITests.swift in Sources */ = {isa = PBXBuildFile; fileRef = 314E03ED2BE377F00048F8C6 /* swift_tip_calculatorUITests.swift */; };
		314E03F02BE377F00048F8C6 /* swift_tip_calculatorUITestsLaunchTests.swift in Sources */ = {isa = PBXBuildFile; fileRef = 314E03EF2BE377F00048F8C6 /* swift_tip_calculatorUITestsLaunchTests.swift */; };
		314E03FE2BE37FBC0048F8C6 /* CombineCocoa in Frameworks */ = {isa = PBXBuildFile; productRef = 314E03FD2BE37FBC0048F8C6 /* CombineCocoa */; };
		314E04012BE3800D0048F8C6 /* SnapKit in Frameworks */ = {isa = PBXBuildFile; productRef = 314E04002BE3800D0048F8C6 /* SnapKit */; };
		314E04042BE380570048F8C6 /* CombineCocoa in Frameworks */ = {isa = PBXBuildFile; productRef = 314E04032BE380570048F8C6 /* CombineCocoa */; };
		314E04072BE3809C0048F8C6 /* SnapshotTesting in Frameworks */ = {isa = PBXBuildFile; productRef = 314E04062BE3809C0048F8C6 /* SnapshotTesting */; };
		314E04092BE380B70048F8C6 /* CombineCocoa in Frameworks */ = {isa = PBXBuildFile; productRef = 314E04082BE380B70048F8C6 /* CombineCocoa */; };
/* End PBXBuildFile section */

/* Begin PBXContainerItemProxy section */
		314E03E02BE377EF0048F8C6 /* PBXContainerItemProxy */ = {
			isa = PBXContainerItemProxy;
			containerPortal = 314E03C72BE377EE0048F8C6 /* Project object */;
			proxyType = 1;
			remoteGlobalIDString = 314E03CE2BE377EE0048F8C6;
			remoteInfo = "swift-tip-calculator";
		};
		314E03EA2BE377F00048F8C6 /* PBXContainerItemProxy */ = {
			isa = PBXContainerItemProxy;
			containerPortal = 314E03C72BE377EE0048F8C6 /* Project object */;
			proxyType = 1;
			remoteGlobalIDString = 314E03CE2BE377EE0048F8C6;
			remoteInfo = "swift-tip-calculator";
		};
/* End PBXContainerItemProxy section */

/* Begin PBXFileReference section */
		314E03CF2BE377EE0048F8C6 /* swift-tip-calculator.app */ = {isa = PBXFileReference; explicitFileType = wrapper.application; includeInIndex = 0; path = "swift-tip-calculator.app"; sourceTree = BUILT_PRODUCTS_DIR; };
		314E03D22BE377EE0048F8C6 /* swift_tip_calculatorApp.swift */ = {isa = PBXFileReference; lastKnownFileType = sourcecode.swift; path = swift_tip_calculatorApp.swift; sourceTree = "<group>"; };
		314E03D42BE377EE0048F8C6 /* ContentView.swift */ = {isa = PBXFileReference; lastKnownFileType = sourcecode.swift; path = ContentView.swift; sourceTree = "<group>"; };
		314E03D62BE377EF0048F8C6 /* Assets.xcassets */ = {isa = PBXFileReference; lastKnownFileType = folder.assetcatalog; path = Assets.xcassets; sourceTree = "<group>"; };
		314E03D92BE377EF0048F8C6 /* Preview Assets.xcassets */ = {isa = PBXFileReference; lastKnownFileType = folder.assetcatalog; path = "Preview Assets.xcassets"; sourceTree = "<group>"; };
		314E03DF2BE377EF0048F8C6 /* swift-tip-calculatorTests.xctest */ = {isa = PBXFileReference; explicitFileType = wrapper.cfbundle; includeInIndex = 0; path = "swift-tip-calculatorTests.xctest"; sourceTree = BUILT_PRODUCTS_DIR; };
		314E03E32BE377EF0048F8C6 /* swift_tip_calculatorTests.swift */ = {isa = PBXFileReference; lastKnownFileType = sourcecode.swift; path = swift_tip_calculatorTests.swift; sourceTree = "<group>"; };
		314E03E92BE377F00048F8C6 /* swift-tip-calculatorUITests.xctest */ = {isa = PBXFileReference; explicitFileType = wrapper.cfbundle; includeInIndex = 0; path = "swift-tip-calculatorUITests.xctest"; sourceTree = BUILT_PRODUCTS_DIR; };
		314E03ED2BE377F00048F8C6 /* swift_tip_calculatorUITests.swift */ = {isa = PBXFileReference; lastKnownFileType = sourcecode.swift; path = swift_tip_calculatorUITests.swift; sourceTree = "<group>"; };
		314E03EF2BE377F00048F8C6 /* swift_tip_calculatorUITestsLaunchTests.swift */ = {isa = PBXFileReference; lastKnownFileType = sourcecode.swift; path = swift_tip_calculatorUITestsLaunchTests.swift; sourceTree = "<group>"; };
/* End PBXFileReference section */

/* Begin PBXFrameworksBuildPhase section */
		314E03CC2BE377EE0048F8C6 /* Frameworks */ = {
			isa = PBXFrameworksBuildPhase;
			buildActionMask = 2147483647;
			files = (
				314E03FE2BE37FBC0048F8C6 /* CombineCocoa in Frameworks */,
				314E04012BE3800D0048F8C6 /* SnapKit in Frameworks */,
			);
			runOnlyForDeploymentPostprocessing = 0;
		};
		314E03DC2BE377EF0048F8C6 /* Frameworks */ = {
			isa = PBXFrameworksBuildPhase;
			buildActionMask = 2147483647;
			files = (
				314E04042BE380570048F8C6 /* CombineCocoa in Frameworks */,
				314E04072BE3809C0048F8C6 /* SnapshotTesting in Frameworks */,
			);
			runOnlyForDeploymentPostprocessing = 0;
		};
		314E03E62BE377F00048F8C6 /* Frameworks */ = {
			isa = PBXFrameworksBuildPhase;
			buildActionMask = 2147483647;
			files = (
				314E04092BE380B70048F8C6 /* CombineCocoa in Frameworks */,
			);
			runOnlyForDeploymentPostprocessing = 0;
		};
/* End PBXFrameworksBuildPhase section */

/* Begin PBXGroup section */
		314E03C62BE377EE0048F8C6 = {
			isa = PBXGroup;
			children = (
				314E03D12BE377EE0048F8C6 /* swift-tip-calculator */,
				314E03E22BE377EF0048F8C6 /* swift-tip-calculatorTests */,
				314E03EC2BE377F00048F8C6 /* swift-tip-calculatorUITests */,
				314E03D02BE377EE0048F8C6 /* Products */,
				314E04022BE380570048F8C6 /* Frameworks */,
			);
			sourceTree = "<group>";
		};
		314E03D02BE377EE0048F8C6 /* Products */ = {
			isa = PBXGroup;
			children = (
				314E03CF2BE377EE0048F8C6 /* swift-tip-calculator.app */,
				314E03DF2BE377EF0048F8C6 /* swift-tip-calculatorTests.xctest */,
				314E03E92BE377F00048F8C6 /* swift-tip-calculatorUITests.xctest */,
			);
			name = Products;
			sourceTree = "<group>";
		};
		314E03D12BE377EE0048F8C6 /* swift-tip-calculator */ = {
			isa = PBXGroup;
			children = (
				314E03D22BE377EE0048F8C6 /* swift_tip_calculatorApp.swift */,
				314E03D42BE377EE0048F8C6 /* ContentView.swift */,
				314E03D62BE377EF0048F8C6 /* Assets.xcassets */,
				314E03D82BE377EF0048F8C6 /* Preview Content */,
			);
			path = "swift-tip-calculator";
			sourceTree = "<group>";
		};
		314E03D82BE377EF0048F8C6 /* Preview Content */ = {
			isa = PBXGroup;
			children = (
				314E03D92BE377EF0048F8C6 /* Preview Assets.xcassets */,
			);
			path = "Preview Content";
			sourceTree = "<group>";
		};
		314E03E22BE377EF0048F8C6 /* swift-tip-calculatorTests */ = {
			isa = PBXGroup;
			children = (
				314E03E32BE377EF0048F8C6 /* swift_tip_calculatorTests.swift */,
			);
			path = "swift-tip-calculatorTests";
			sourceTree = "<group>";
		};
		314E03EC2BE377F00048F8C6 /* swift-tip-calculatorUITests */ = {
			isa = PBXGroup;
			children = (
				314E03ED2BE377F00048F8C6 /* swift_tip_calculatorUITests.swift */,
				314E03EF2BE377F00048F8C6 /* swift_tip_calculatorUITestsLaunchTests.swift */,
			);
			path = "swift-tip-calculatorUITests";
			sourceTree = "<group>";
		};
		314E04022BE380570048F8C6 /* Frameworks */ = {
			isa = PBXGroup;
			children = (
			);
			name = Frameworks;
			sourceTree = "<group>";
		};
/* End PBXGroup section */

/* Begin PBXNativeTarget section */
		314E03CE2BE377EE0048F8C6 /* swift-tip-calculator */ = {
			isa = PBXNativeTarget;
			buildConfigurationList = 314E03F32BE377F00048F8C6 /* Build configuration list for PBXNativeTarget "swift-tip-calculator" */;
			buildPhases = (
				314E03CB2BE377EE0048F8C6 /* Sources */,
				314E03CC2BE377EE0048F8C6 /* Frameworks */,
				314E03CD2BE377EE0048F8C6 /* Resources */,
			);
			buildRules = (
			);
			dependencies = (
			);
			name = "swift-tip-calculator";
			packageProductDependencies = (
				314E03FD2BE37FBC0048F8C6 /* CombineCocoa */,
				314E04002BE3800D0048F8C6 /* SnapKit */,
			);
			productName = "swift-tip-calculator";
			productReference = 314E03CF2BE377EE0048F8C6 /* swift-tip-calculator.app */;
			productType = "com.apple.product-type.application";
		};
		314E03DE2BE377EF0048F8C6 /* swift-tip-calculatorTests */ = {
			isa = PBXNativeTarget;
			buildConfigurationList = 314E03F62BE377F00048F8C6 /* Build configuration list for PBXNativeTarget "swift-tip-calculatorTests" */;
			buildPhases = (
				314E03DB2BE377EF0048F8C6 /* Sources */,
				314E03DC2BE377EF0048F8C6 /* Frameworks */,
				314E03DD2BE377EF0048F8C6 /* Resources */,
			);
			buildRules = (
			);
			dependencies = (
				314E03E12BE377EF0048F8C6 /* PBXTargetDependency */,
			);
			name = "swift-tip-calculatorTests";
			packageProductDependencies = (
				314E04032BE380570048F8C6 /* CombineCocoa */,
				314E04062BE3809C0048F8C6 /* SnapshotTesting */,
			);
			productName = "swift-tip-calculatorTests";
			productReference = 314E03DF2BE377EF0048F8C6 /* swift-tip-calculatorTests.xctest */;
			productType = "com.apple.product-type.bundle.unit-test";
		};
		314E03E82BE377F00048F8C6 /* swift-tip-calculatorUITests */ = {
			isa = PBXNativeTarget;
			buildConfigurationList = 314E03F92BE377F00048F8C6 /* Build configuration list for PBXNativeTarget "swift-tip-calculatorUITests" */;
			buildPhases = (
				314E03E52BE377F00048F8C6 /* Sources */,
				314E03E62BE377F00048F8C6 /* Frameworks */,
				314E03E72BE377F00048F8C6 /* Resources */,
			);
			buildRules = (
			);
			dependencies = (
				314E03EB2BE377F00048F8C6 /* PBXTargetDependency */,
			);
			name = "swift-tip-calculatorUITests";
			packageProductDependencies = (
				314E04082BE380B70048F8C6 /* CombineCocoa */,
			);
			productName = "swift-tip-calculatorUITests";
			productReference = 314E03E92BE377F00048F8C6 /* swift-tip-calculatorUITests.xctest */;
			productType = "com.apple.product-type.bundle.ui-testing";
		};
/* End PBXNativeTarget section */

/* Begin PBXProject section */
		314E03C72BE377EE0048F8C6 /* Project object */ = {
			isa = PBXProject;
			attributes = {
				BuildIndependentTargetsInParallel = 1;
				LastSwiftUpdateCheck = 1530;
				LastUpgradeCheck = 1530;
				TargetAttributes = {
					314E03CE2BE377EE0048F8C6 = {
						CreatedOnToolsVersion = 15.3;
					};
					314E03DE2BE377EF0048F8C6 = {
						CreatedOnToolsVersion = 15.3;
						TestTargetID = 314E03CE2BE377EE0048F8C6;
					};
					314E03E82BE377F00048F8C6 = {
						CreatedOnToolsVersion = 15.3;
						TestTargetID = 314E03CE2BE377EE0048F8C6;
					};
				};
			};
			buildConfigurationList = 314E03CA2BE377EE0048F8C6 /* Build configuration list for PBXProject "swift-tip-calculator" */;
			compatibilityVersion = "Xcode 14.0";
			developmentRegion = en;
			hasScannedForEncodings = 0;
			knownRegions = (
				en,
				Base,
			);
			mainGroup = 314E03C62BE377EE0048F8C6;
			packageReferences = (
				314E03FC2BE37FBC0048F8C6 /* XCRemoteSwiftPackageReference "CombineCocoa" */,
				314E03FF2BE3800D0048F8C6 /* XCRemoteSwiftPackageReference "SnapKit" */,
				314E04052BE3809C0048F8C6 /* XCRemoteSwiftPackageReference "swift-snapshot-testing" */,
			);
			productRefGroup = 314E03D02BE377EE0048F8C6 /* Products */;
			projectDirPath = "";
			projectRoot = "";
			targets = (
				314E03CE2BE377EE0048F8C6 /* swift-tip-calculator */,
				314E03DE2BE377EF0048F8C6 /* swift-tip-calculatorTests */,
				314E03E82BE377F00048F8C6 /* swift-tip-calculatorUITests */,
			);
		};
/* End PBXProject section */

/* Begin PBXResourcesBuildPhase section */
		314E03CD2BE377EE0048F8C6 /* Resources */ = {
			isa = PBXResourcesBuildPhase;
			buildActionMask = 2147483647;
			files = (
				314E03DA2BE377EF0048F8C6 /* Preview Assets.xcassets in Resources */,
				314E03D72BE377EF0048F8C6 /* Assets.xcassets in Resources */,
			);
			runOnlyForDeploymentPostprocessing = 0;
		};
		314E03DD2BE377EF0048F8C6 /* Resources */ = {
			isa = PBXResourcesBuildPhase;
			buildActionMask = 2147483647;
			files = (
			);
			runOnlyForDeploymentPostprocessing = 0;
		};
		314E03E72BE377F00048F8C6 /* Resources */ = {
			isa = PBXResourcesBuildPhase;
			buildActionMask = 2147483647;
			files = (
			);
			runOnlyForDeploymentPostprocessing = 0;
		};
/* End PBXResourcesBuildPhase section */

/* Begin PBXSourcesBuildPhase section */
		314E03CB2BE377EE0048F8C6 /* Sources */ = {
			isa = PBXSourcesBuildPhase;
			buildActionMask = 2147483647;
			files = (
				314E03D52BE377EE0048F8C6 /* ContentView.swift in Sources */,
				314E03D32BE377EE0048F8C6 /* swift_tip_calculatorApp.swift in Sources */,
			);
			runOnlyForDeploymentPostprocessing = 0;
		};
		314E03DB2BE377EF0048F8C6 /* Sources */ = {
			isa = PBXSourcesBuildPhase;
			buildActionMask = 2147483647;
			files = (
				314E03E42BE377EF0048F8C6 /* swift_tip_calculatorTests.swift in Sources */,
			);
			runOnlyForDeploymentPostprocessing = 0;
		};
		314E03E52BE377F00048F8C6 /* Sources */ = {
			isa = PBXSourcesBuildPhase;
			buildActionMask = 2147483647;
			files = (
				314E03F02BE377F00048F8C6 /* swift_tip_calculatorUITestsLaunchTests.swift in Sources */,
				314E03EE2BE377F00048F8C6 /* swift_tip_calculatorUITests.swift in Sources */,
			);
			runOnlyForDeploymentPostprocessing = 0;
		};
/* End PBXSourcesBuildPhase section */

/* Begin PBXTargetDependency section */
		314E03E12BE377EF0048F8C6 /* PBXTargetDependency */ = {
			isa = PBXTargetDependency;
			target = 314E03CE2BE377EE0048F8C6 /* swift-tip-calculator */;
			targetProxy = 314E03E02BE377EF0048F8C6 /* PBXContainerItemProxy */;
		};
		314E03EB2BE377F00048F8C6 /* PBXTargetDependency */ = {
			isa = PBXTargetDependency;
			target = 314E03CE2BE377EE0048F8C6 /* swift-tip-calculator */;
			targetProxy = 314E03EA2BE377F00048F8C6 /* PBXContainerItemProxy */;
		};
/* End PBXTargetDependency section */

/* Begin XCBuildConfiguration section */
		314E03F12BE377F00048F8C6 /* Debug */ = {
			isa = XCBuildConfiguration;
			buildSettings = {
				ALWAYS_SEARCH_USER_PATHS = NO;
				ASSETCATALOG_COMPILER_GENERATE_SWIFT_ASSET_SYMBOL_EXTENSIONS = YES;
				CLANG_ANALYZER_NONNULL = YES;
				CLANG_ANALYZER_NUMBER_OBJECT_CONVERSION = YES_AGGRESSIVE;
				CLANG_CXX_LANGUAGE_STANDARD = "gnu++20";
				CLANG_ENABLE_MODULES = YES;
				CLANG_ENABLE_OBJC_ARC = YES;
				CLANG_ENABLE_OBJC_WEAK = YES;
				CLANG_WARN_BLOCK_CAPTURE_AUTORELEASING = YES;
				CLANG_WARN_BOOL_CONVERSION = YES;
				CLANG_WARN_COMMA = YES;
				CLANG_WARN_CONSTANT_CONVERSION = YES;
				CLANG_WARN_DEPRECATED_OBJC_IMPLEMENTATIONS = YES;
				CLANG_WARN_DIRECT_OBJC_ISA_USAGE = YES_ERROR;
				CLANG_WARN_DOCUMENTATION_COMMENTS = YES;
				CLANG_WARN_EMPTY_BODY = YES;
				CLANG_WARN_ENUM_CONVERSION = YES;
				CLANG_WARN_INFINITE_RECURSION = YES;
				CLANG_WARN_INT_CONVERSION = YES;
				CLANG_WARN_NON_LITERAL_NULL_CONVERSION = YES;
				CLANG_WARN_OBJC_IMPLICIT_RETAIN_SELF = YES;
				CLANG_WARN_OBJC_LITERAL_CONVERSION = YES;
				CLANG_WARN_OBJC_ROOT_CLASS = YES_ERROR;
				CLANG_WARN_QUOTED_INCLUDE_IN_FRAMEWORK_HEADER = YES;
				CLANG_WARN_RANGE_LOOP_ANALYSIS = YES;
				CLANG_WARN_STRICT_PROTOTYPES = YES;
				CLANG_WARN_SUSPICIOUS_MOVE = YES;
				CLANG_WARN_UNGUARDED_AVAILABILITY = YES_AGGRESSIVE;
				CLANG_WARN_UNREACHABLE_CODE = YES;
				CLANG_WARN__DUPLICATE_METHOD_MATCH = YES;
				COPY_PHASE_STRIP = NO;
				DEBUG_INFORMATION_FORMAT = dwarf;
				ENABLE_STRICT_OBJC_MSGSEND = YES;
				ENABLE_TESTABILITY = YES;
				ENABLE_USER_SCRIPT_SANDBOXING = YES;
				GCC_C_LANGUAGE_STANDARD = gnu17;
				GCC_DYNAMIC_NO_PIC = NO;
				GCC_NO_COMMON_BLOCKS = YES;
				GCC_OPTIMIZATION_LEVEL = 0;
				GCC_PREPROCESSOR_DEFINITIONS = (
					"DEBUG=1",
					"$(inherited)",
				);
				GCC_WARN_64_TO_32_BIT_CONVERSION = YES;
				GCC_WARN_ABOUT_RETURN_TYPE = YES_ERROR;
				GCC_WARN_UNDECLARED_SELECTOR = YES;
				GCC_WARN_UNINITIALIZED_AUTOS = YES_AGGRESSIVE;
				GCC_WARN_UNUSED_FUNCTION = YES;
				GCC_WARN_UNUSED_VARIABLE = YES;
				IPHONEOS_DEPLOYMENT_TARGET = 17.4;
				LOCALIZATION_PREFERS_STRING_CATALOGS = YES;
				MTL_ENABLE_DEBUG_INFO = INCLUDE_SOURCE;
				MTL_FAST_MATH = YES;
				ONLY_ACTIVE_ARCH = YES;
				SDKROOT = iphoneos;
				SWIFT_ACTIVE_COMPILATION_CONDITIONS = "DEBUG $(inherited)";
				SWIFT_OPTIMIZATION_LEVEL = "-Onone";
			};
			name = Debug;
		};
		314E03F22BE377F00048F8C6 /* Release */ = {
			isa = XCBuildConfiguration;
			buildSettings = {
				ALWAYS_SEARCH_USER_PATHS = NO;
				ASSETCATALOG_COMPILER_GENERATE_SWIFT_ASSET_SYMBOL_EXTENSIONS = YES;
				CLANG_ANALYZER_NONNULL = YES;
				CLANG_ANALYZER_NUMBER_OBJECT_CONVERSION = YES_AGGRESSIVE;
				CLANG_CXX_LANGUAGE_STANDARD = "gnu++20";
				CLANG_ENABLE_MODULES = YES;
				CLANG_ENABLE_OBJC_ARC = YES;
				CLANG_ENABLE_OBJC_WEAK = YES;
				CLANG_WARN_BLOCK_CAPTURE_AUTORELEASING = YES;
				CLANG_WARN_BOOL_CONVERSION = YES;
				CLANG_WARN_COMMA = YES;
				CLANG_WARN_CONSTANT_CONVERSION = YES;
				CLANG_WARN_DEPRECATED_OBJC_IMPLEMENTATIONS = YES;
				CLANG_WARN_DIRECT_OBJC_ISA_USAGE = YES_ERROR;
				CLANG_WARN_DOCUMENTATION_COMMENTS = YES;
				CLANG_WARN_EMPTY_BODY = YES;
				CLANG_WARN_ENUM_CONVERSION = YES;
				CLANG_WARN_INFINITE_RECURSION = YES;
				CLANG_WARN_INT_CONVERSION = YES;
				CLANG_WARN_NON_LITERAL_NULL_CONVERSION = YES;
				CLANG_WARN_OBJC_IMPLICIT_RETAIN_SELF = YES;
				CLANG_WARN_OBJC_LITERAL_CONVERSION = YES;
				CLANG_WARN_OBJC_ROOT_CLASS = YES_ERROR;
				CLANG_WARN_QUOTED_INCLUDE_IN_FRAMEWORK_HEADER = YES;
				CLANG_WARN_RANGE_LOOP_ANALYSIS = YES;
				CLANG_WARN_STRICT_PROTOTYPES = YES;
				CLANG_WARN_SUSPICIOUS_MOVE = YES;
				CLANG_WARN_UNGUARDED_AVAILABILITY = YES_AGGRESSIVE;
				CLANG_WARN_UNREACHABLE_CODE = YES;
				CLANG_WARN__DUPLICATE_METHOD_MATCH = YES;
				COPY_PHASE_STRIP = NO;
				DEBUG_INFORMATION_FORMAT = "dwarf-with-dsym";
				ENABLE_NS_ASSERTIONS = NO;
				ENABLE_STRICT_OBJC_MSGSEND = YES;
				ENABLE_USER_SCRIPT_SANDBOXING = YES;
				GCC_C_LANGUAGE_STANDARD = gnu17;
				GCC_NO_COMMON_BLOCKS = YES;
				GCC_WARN_64_TO_32_BIT_CONVERSION = YES;
				GCC_WARN_ABOUT_RETURN_TYPE = YES_ERROR;
				GCC_WARN_UNDECLARED_SELECTOR = YES;
				GCC_WARN_UNINITIALIZED_AUTOS = YES_AGGRESSIVE;
				GCC_WARN_UNUSED_FUNCTION = YES;
				GCC_WARN_UNUSED_VARIABLE = YES;
				IPHONEOS_DEPLOYMENT_TARGET = 17.4;
				LOCALIZATION_PREFERS_STRING_CATALOGS = YES;
				MTL_ENABLE_DEBUG_INFO = NO;
				MTL_FAST_MATH = YES;
				SDKROOT = iphoneos;
				SWIFT_COMPILATION_MODE = wholemodule;
				VALIDATE_PRODUCT = YES;
			};
			name = Release;
		};
		314E03F42BE377F00048F8C6 /* Debug */ = {
			isa = XCBuildConfiguration;
			buildSettings = {
				ASSETCATALOG_COMPILER_APPICON_NAME = AppIcon;
				ASSETCATALOG_COMPILER_GLOBAL_ACCENT_COLOR_NAME = AccentColor;
				CODE_SIGN_STYLE = Automatic;
				CURRENT_PROJECT_VERSION = 1;
				DEVELOPMENT_ASSET_PATHS = "\"swift-tip-calculator/Preview Content\"";
				DEVELOPMENT_TEAM = 6E66L27LG6;
				ENABLE_PREVIEWS = YES;
				GENERATE_INFOPLIST_FILE = YES;
				INFOPLIST_KEY_UIApplicationSceneManifest_Generation = YES;
				INFOPLIST_KEY_UIApplicationSupportsIndirectInputEvents = YES;
				INFOPLIST_KEY_UILaunchScreen_Generation = YES;
				INFOPLIST_KEY_UISupportedInterfaceOrientations_iPad = "UIInterfaceOrientationPortrait UIInterfaceOrientationPortraitUpsideDown UIInterfaceOrientationLandscapeLeft UIInterfaceOrientationLandscapeRight";
				INFOPLIST_KEY_UISupportedInterfaceOrientations_iPhone = "UIInterfaceOrientationPortrait UIInterfaceOrientationLandscapeLeft UIInterfaceOrientationLandscapeRight";
				LD_RUNPATH_SEARCH_PATHS = (
					"$(inherited)",
					"@executable_path/Frameworks",
				);
				MARKETING_VERSION = 1.0;
				PRODUCT_BUNDLE_IDENTIFIER = "com.samiparken.swift-tip-calculator";
				PRODUCT_NAME = "$(TARGET_NAME)";
				SWIFT_EMIT_LOC_STRINGS = YES;
				SWIFT_VERSION = 5.0;
				TARGETED_DEVICE_FAMILY = "1,2";
			};
			name = Debug;
		};
		314E03F52BE377F00048F8C6 /* Release */ = {
			isa = XCBuildConfiguration;
			buildSettings = {
				ASSETCATALOG_COMPILER_APPICON_NAME = AppIcon;
				ASSETCATALOG_COMPILER_GLOBAL_ACCENT_COLOR_NAME = AccentColor;
				CODE_SIGN_STYLE = Automatic;
				CURRENT_PROJECT_VERSION = 1;
				DEVELOPMENT_ASSET_PATHS = "\"swift-tip-calculator/Preview Content\"";
				DEVELOPMENT_TEAM = 6E66L27LG6;
				ENABLE_PREVIEWS = YES;
				GENERATE_INFOPLIST_FILE = YES;
				INFOPLIST_KEY_UIApplicationSceneManifest_Generation = YES;
				INFOPLIST_KEY_UIApplicationSupportsIndirectInputEvents = YES;
				INFOPLIST_KEY_UILaunchScreen_Generation = YES;
				INFOPLIST_KEY_UISupportedInterfaceOrientations_iPad = "UIInterfaceOrientationPortrait UIInterfaceOrientationPortraitUpsideDown UIInterfaceOrientationLandscapeLeft UIInterfaceOrientationLandscapeRight";
				INFOPLIST_KEY_UISupportedInterfaceOrientations_iPhone = "UIInterfaceOrientationPortrait UIInterfaceOrientationLandscapeLeft UIInterfaceOrientationLandscapeRight";
				LD_RUNPATH_SEARCH_PATHS = (
					"$(inherited)",
					"@executable_path/Frameworks",
				);
				MARKETING_VERSION = 1.0;
				PRODUCT_BUNDLE_IDENTIFIER = "com.samiparken.swift-tip-calculator";
				PRODUCT_NAME = "$(TARGET_NAME)";
				SWIFT_EMIT_LOC_STRINGS = YES;
				SWIFT_VERSION = 5.0;
				TARGETED_DEVICE_FAMILY = "1,2";
			};
			name = Release;
		};
		314E03F72BE377F00048F8C6 /* Debug */ = {
			isa = XCBuildConfiguration;
			buildSettings = {
				ALWAYS_EMBED_SWIFT_STANDARD_LIBRARIES = YES;
				BUNDLE_LOADER = "$(TEST_HOST)";
				CODE_SIGN_STYLE = Automatic;
				CURRENT_PROJECT_VERSION = 1;
				GENERATE_INFOPLIST_FILE = YES;
				IPHONEOS_DEPLOYMENT_TARGET = 17.4;
				MARKETING_VERSION = 1.0;
				PRODUCT_BUNDLE_IDENTIFIER = "com.samiparken.swift-tip-calculatorTests";
				PRODUCT_NAME = "$(TARGET_NAME)";
				SWIFT_EMIT_LOC_STRINGS = NO;
				SWIFT_VERSION = 5.0;
				TARGETED_DEVICE_FAMILY = "1,2";
				TEST_HOST = "$(BUILT_PRODUCTS_DIR)/swift-tip-calculator.app/$(BUNDLE_EXECUTABLE_FOLDER_PATH)/swift-tip-calculator";
			};
			name = Debug;
		};
		314E03F82BE377F00048F8C6 /* Release */ = {
			isa = XCBuildConfiguration;
			buildSettings = {
				ALWAYS_EMBED_SWIFT_STANDARD_LIBRARIES = YES;
				BUNDLE_LOADER = "$(TEST_HOST)";
				CODE_SIGN_STYLE = Automatic;
				CURRENT_PROJECT_VERSION = 1;
				GENERATE_INFOPLIST_FILE = YES;
				IPHONEOS_DEPLOYMENT_TARGET = 17.4;
				MARKETING_VERSION = 1.0;
				PRODUCT_BUNDLE_IDENTIFIER = "com.samiparken.swift-tip-calculatorTests";
				PRODUCT_NAME = "$(TARGET_NAME)";
				SWIFT_EMIT_LOC_STRINGS = NO;
				SWIFT_VERSION = 5.0;
				TARGETED_DEVICE_FAMILY = "1,2";
				TEST_HOST = "$(BUILT_PRODUCTS_DIR)/swift-tip-calculator.app/$(BUNDLE_EXECUTABLE_FOLDER_PATH)/swift-tip-calculator";
			};
			name = Release;
		};
		314E03FA2BE377F00048F8C6 /* Debug */ = {
			isa = XCBuildConfiguration;
			buildSettings = {
				ALWAYS_EMBED_SWIFT_STANDARD_LIBRARIES = YES;
				CODE_SIGN_STYLE = Automatic;
				CURRENT_PROJECT_VERSION = 1;
				GENERATE_INFOPLIST_FILE = YES;
				MARKETING_VERSION = 1.0;
				PRODUCT_BUNDLE_IDENTIFIER = "com.samiparken.swift-tip-calculatorUITests";
				PRODUCT_NAME = "$(TARGET_NAME)";
				SWIFT_EMIT_LOC_STRINGS = NO;
				SWIFT_VERSION = 5.0;
				TARGETED_DEVICE_FAMILY = "1,2";
				TEST_TARGET_NAME = "swift-tip-calculator";
			};
			name = Debug;
		};
		314E03FB2BE377F00048F8C6 /* Release */ = {
			isa = XCBuildConfiguration;
			buildSettings = {
				ALWAYS_EMBED_SWIFT_STANDARD_LIBRARIES = YES;
				CODE_SIGN_STYLE = Automatic;
				CURRENT_PROJECT_VERSION = 1;
				GENERATE_INFOPLIST_FILE = YES;
				MARKETING_VERSION = 1.0;
				PRODUCT_BUNDLE_IDENTIFIER = "com.samiparken.swift-tip-calculatorUITests";
				PRODUCT_NAME = "$(TARGET_NAME)";
				SWIFT_EMIT_LOC_STRINGS = NO;
				SWIFT_VERSION = 5.0;
				TARGETED_DEVICE_FAMILY = "1,2";
				TEST_TARGET_NAME = "swift-tip-calculator";
			};
			name = Release;
		};
/* End XCBuildConfiguration section */

/* Begin XCConfigurationList section */
		314E03CA2BE377EE0048F8C6 /* Build configuration list for PBXProject "swift-tip-calculator" */ = {
			isa = XCConfigurationList;
			buildConfigurations = (
				314E03F12BE377F00048F8C6 /* Debug */,
				314E03F22BE377F00048F8C6 /* Release */,
			);
			defaultConfigurationIsVisible = 0;
			defaultConfigurationName = Release;
		};
		314E03F32BE377F00048F8C6 /* Build configuration list for PBXNativeTarget "swift-tip-calculator" */ = {
			isa = XCConfigurationList;
			buildConfigurations = (
				314E03F42BE377F00048F8C6 /* Debug */,
				314E03F52BE377F00048F8C6 /* Release */,
			);
			defaultConfigurationIsVisible = 0;
			defaultConfigurationName = Release;
		};
		314E03F62BE377F00048F8C6 /* Build configuration list for PBXNativeTarget "swift-tip-calculatorTests" */ = {
			isa = XCConfigurationList;
			buildConfigurations = (
				314E03F72BE377F00048F8C6 /* Debug */,
				314E03F82BE377F00048F8C6 /* Release */,
			);
			defaultConfigurationIsVisible = 0;
			defaultConfigurationName = Release;
		};
		314E03F92BE377F00048F8C6 /* Build configuration list for PBXNativeTarget "swift-tip-calculatorUITests" */ = {
			isa = XCConfigurationList;
			buildConfigurations = (
				314E03FA2BE377F00048F8C6 /* Debug */,
				314E03FB2BE377F00048F8C6 /* Release */,
			);
			defaultConfigurationIsVisible = 0;
			defaultConfigurationName = Release;
		};
/* End XCConfigurationList section */

/* Begin XCRemoteSwiftPackageReference section */
		314E03FC2BE37FBC0048F8C6 /* XCRemoteSwiftPackageReference "CombineCocoa" */ = {
			isa = XCRemoteSwiftPackageReference;
			repositoryURL = "https://github.com/CombineCommunity/CombineCocoa";
			requirement = {
				kind = upToNextMinorVersion;
				minimumVersion = 0.4.1;
			};
		};
		314E03FF2BE3800D0048F8C6 /* XCRemoteSwiftPackageReference "SnapKit" */ = {
			isa = XCRemoteSwiftPackageReference;
			repositoryURL = "https://github.com/SnapKit/SnapKit";
			requirement = {
				kind = upToNextMinorVersion;
				minimumVersion = 5.7.1;
			};
		};
		314E04052BE3809C0048F8C6 /* XCRemoteSwiftPackageReference "swift-snapshot-testing" */ = {
			isa = XCRemoteSwiftPackageReference;
			repositoryURL = "https://github.com/pointfreeco/swift-snapshot-testing";
			requirement = {
				kind = upToNextMinorVersion;
				minimumVersion = 1.16.0;
			};
		};
/* End XCRemoteSwiftPackageReference section */

/* Begin XCSwiftPackageProductDependency section */
		314E03FD2BE37FBC0048F8C6 /* CombineCocoa */ = {
			isa = XCSwiftPackageProductDependency;
			package = 314E03FC2BE37FBC0048F8C6 /* XCRemoteSwiftPackageReference "CombineCocoa" */;
			productName = CombineCocoa;
		};
		314E04002BE3800D0048F8C6 /* SnapKit */ = {
			isa = XCSwiftPackageProductDependency;
			package = 314E03FF2BE3800D0048F8C6 /* XCRemoteSwiftPackageReference "SnapKit" */;
			productName = SnapKit;
		};
		314E04032BE380570048F8C6 /* CombineCocoa */ = {
			isa = XCSwiftPackageProductDependency;
			package = 314E03FC2BE37FBC0048F8C6 /* XCRemoteSwiftPackageReference "CombineCocoa" */;
			productName = CombineCocoa;
		};
		314E04062BE3809C0048F8C6 /* SnapshotTesting */ = {
			isa = XCSwiftPackageProductDependency;
			package = 314E04052BE3809C0048F8C6 /* XCRemoteSwiftPackageReference "swift-snapshot-testing" */;
			productName = SnapshotTesting;
		};
		314E04082BE380B70048F8C6 /* CombineCocoa */ = {
			isa = XCSwiftPackageProductDependency;
			package = 314E03FC2BE37FBC0048F8C6 /* XCRemoteSwiftPackageReference "CombineCocoa" */;
			productName = CombineCocoa;
		};
/* End XCSwiftPackageProductDependency section */
	};
	rootObject = 314E03C72BE377EE0048F8C6 /* Project object */;
}
