// !$*UTF8*$!
{
	archiveVersion = 1;
	classes = {
	};
	objectVersion = 56;
	objects = {

/* Begin PBXBuildFile section */
		314E04172BE385BD0048F8C6 /* AppDelegate.swift in Sources */ = {isa = PBXBuildFile; fileRef = 314E04162BE385BD0048F8C6 /* AppDelegate.swift */; };
		314E04192BE385BD0048F8C6 /* SceneDelegate.swift in Sources */ = {isa = PBXBuildFile; fileRef = 314E04182BE385BD0048F8C6 /* SceneDelegate.swift */; };
		314E041B2BE385BD0048F8C6 /* CalculatorVC.swift in Sources */ = {isa = PBXBuildFile; fileRef = 314E041A2BE385BD0048F8C6 /* CalculatorVC.swift */; };
		314E04202BE385BF0048F8C6 /* Assets.xcassets in Resources */ = {isa = PBXBuildFile; fileRef = 314E041F2BE385BF0048F8C6 /* Assets.xcassets */; };
		314E04232BE385BF0048F8C6 /* Base in Resources */ = {isa = PBXBuildFile; fileRef = 314E04222BE385BF0048F8C6 /* Base */; };
		314E042E2BE385BF0048F8C6 /* swift_tip_calculatorTests.swift in Sources */ = {isa = PBXBuildFile; fileRef = 314E042D2BE385BF0048F8C6 /* swift_tip_calculatorTests.swift */; };
		314E04382BE385BF0048F8C6 /* swift_tip_calculatorUITests.swift in Sources */ = {isa = PBXBuildFile; fileRef = 314E04372BE385BF0048F8C6 /* swift_tip_calculatorUITests.swift */; };
		314E043A2BE385BF0048F8C6 /* swift_tip_calculatorUITestsLaunchTests.swift in Sources */ = {isa = PBXBuildFile; fileRef = 314E04392BE385BF0048F8C6 /* swift_tip_calculatorUITestsLaunchTests.swift */; };
		316565B12BE3C07E0008DE4E /* LogoView.swift in Sources */ = {isa = PBXBuildFile; fileRef = 316565B02BE3C07E0008DE4E /* LogoView.swift */; };
		316565B32BE3C2090008DE4E /* ResultView.swift in Sources */ = {isa = PBXBuildFile; fileRef = 316565B22BE3C2090008DE4E /* ResultView.swift */; };
		316565B52BE3C23C0008DE4E /* BillInputView.swift in Sources */ = {isa = PBXBuildFile; fileRef = 316565B42BE3C23C0008DE4E /* BillInputView.swift */; };
		316565B72BE3C2530008DE4E /* TipInputView.swift in Sources */ = {isa = PBXBuildFile; fileRef = 316565B62BE3C2530008DE4E /* TipInputView.swift */; };
		316565B92BE3C26E0008DE4E /* SplitInputView.swift in Sources */ = {isa = PBXBuildFile; fileRef = 316565B82BE3C26E0008DE4E /* SplitInputView.swift */; };
		316565BC2BE3CAF50008DE4E /* ThemeColor.swift in Sources */ = {isa = PBXBuildFile; fileRef = 316565BB2BE3CAF50008DE4E /* ThemeColor.swift */; };
		316565BE2BE3CB080008DE4E /* ThemeFont.swift in Sources */ = {isa = PBXBuildFile; fileRef = 316565BD2BE3CB080008DE4E /* ThemeFont.swift */; };
		316565C12BE3CB720008DE4E /* UIColor+Extension.swift in Sources */ = {isa = PBXBuildFile; fileRef = 316565C02BE3CB720008DE4E /* UIColor+Extension.swift */; };
		31753E552BE38658009B0E6D /* CombineCocoa in Frameworks */ = {isa = PBXBuildFile; productRef = 31753E542BE38658009B0E6D /* CombineCocoa */; };
		31753E582BE3866C009B0E6D /* SnapKit in Frameworks */ = {isa = PBXBuildFile; productRef = 31753E572BE3866C009B0E6D /* SnapKit */; };
		31753E5B2BE3867F009B0E6D /* CombineCocoa in Frameworks */ = {isa = PBXBuildFile; productRef = 31753E5A2BE3867F009B0E6D /* CombineCocoa */; };
		31753E5E2BE38698009B0E6D /* SnapshotTesting in Frameworks */ = {isa = PBXBuildFile; productRef = 31753E5D2BE38698009B0E6D /* SnapshotTesting */; };
		31753E602BE386A2009B0E6D /* CombineCocoa in Frameworks */ = {isa = PBXBuildFile; productRef = 31753E5F2BE386A2009B0E6D /* CombineCocoa */; };
/* End PBXBuildFile section */

/* Begin PBXContainerItemProxy section */
		314E042A2BE385BF0048F8C6 /* PBXContainerItemProxy */ = {
			isa = PBXContainerItemProxy;
			containerPortal = 314E040B2BE385BD0048F8C6 /* Project object */;
			proxyType = 1;
			remoteGlobalIDString = 314E04122BE385BD0048F8C6;
			remoteInfo = "swift-tip-calculator";
		};
		314E04342BE385BF0048F8C6 /* PBXContainerItemProxy */ = {
			isa = PBXContainerItemProxy;
			containerPortal = 314E040B2BE385BD0048F8C6 /* Project object */;
			proxyType = 1;
			remoteGlobalIDString = 314E04122BE385BD0048F8C6;
			remoteInfo = "swift-tip-calculator";
		};
/* End PBXContainerItemProxy section */

/* Begin PBXFileReference section */
		314E04132BE385BD0048F8C6 /* swift-tip-calculator.app */ = {isa = PBXFileReference; explicitFileType = wrapper.application; includeInIndex = 0; path = "swift-tip-calculator.app"; sourceTree = BUILT_PRODUCTS_DIR; };
		314E04162BE385BD0048F8C6 /* AppDelegate.swift */ = {isa = PBXFileReference; lastKnownFileType = sourcecode.swift; path = AppDelegate.swift; sourceTree = "<group>"; };
		314E04182BE385BD0048F8C6 /* SceneDelegate.swift */ = {isa = PBXFileReference; lastKnownFileType = sourcecode.swift; path = SceneDelegate.swift; sourceTree = "<group>"; };
		314E041A2BE385BD0048F8C6 /* CalculatorVC.swift */ = {isa = PBXFileReference; lastKnownFileType = sourcecode.swift; path = CalculatorVC.swift; sourceTree = "<group>"; };
		314E041F2BE385BF0048F8C6 /* Assets.xcassets */ = {isa = PBXFileReference; lastKnownFileType = folder.assetcatalog; path = Assets.xcassets; sourceTree = "<group>"; };
		314E04222BE385BF0048F8C6 /* Base */ = {isa = PBXFileReference; lastKnownFileType = file.storyboard; name = Base; path = Base.lproj/LaunchScreen.storyboard; sourceTree = "<group>"; };
		314E04242BE385BF0048F8C6 /* Info.plist */ = {isa = PBXFileReference; lastKnownFileType = text.plist.xml; path = Info.plist; sourceTree = "<group>"; };
		314E04292BE385BF0048F8C6 /* swift-tip-calculatorTests.xctest */ = {isa = PBXFileReference; explicitFileType = wrapper.cfbundle; includeInIndex = 0; path = "swift-tip-calculatorTests.xctest"; sourceTree = BUILT_PRODUCTS_DIR; };
		314E042D2BE385BF0048F8C6 /* swift_tip_calculatorTests.swift */ = {isa = PBXFileReference; lastKnownFileType = sourcecode.swift; path = swift_tip_calculatorTests.swift; sourceTree = "<group>"; };
		314E04332BE385BF0048F8C6 /* swift-tip-calculatorUITests.xctest */ = {isa = PBXFileReference; explicitFileType = wrapper.cfbundle; includeInIndex = 0; path = "swift-tip-calculatorUITests.xctest"; sourceTree = BUILT_PRODUCTS_DIR; };
		314E04372BE385BF0048F8C6 /* swift_tip_calculatorUITests.swift */ = {isa = PBXFileReference; lastKnownFileType = sourcecode.swift; path = swift_tip_calculatorUITests.swift; sourceTree = "<group>"; };
		314E04392BE385BF0048F8C6 /* swift_tip_calculatorUITestsLaunchTests.swift */ = {isa = PBXFileReference; lastKnownFileType = sourcecode.swift; path = swift_tip_calculatorUITestsLaunchTests.swift; sourceTree = "<group>"; };
		316565B02BE3C07E0008DE4E /* LogoView.swift */ = {isa = PBXFileReference; lastKnownFileType = sourcecode.swift; path = LogoView.swift; sourceTree = "<group>"; };
		316565B22BE3C2090008DE4E /* ResultView.swift */ = {isa = PBXFileReference; lastKnownFileType = sourcecode.swift; path = ResultView.swift; sourceTree = "<group>"; };
		316565B42BE3C23C0008DE4E /* BillInputView.swift */ = {isa = PBXFileReference; lastKnownFileType = sourcecode.swift; path = BillInputView.swift; sourceTree = "<group>"; };
		316565B62BE3C2530008DE4E /* TipInputView.swift */ = {isa = PBXFileReference; lastKnownFileType = sourcecode.swift; path = TipInputView.swift; sourceTree = "<group>"; };
		316565B82BE3C26E0008DE4E /* SplitInputView.swift */ = {isa = PBXFileReference; lastKnownFileType = sourcecode.swift; path = SplitInputView.swift; sourceTree = "<group>"; };
		316565BB2BE3CAF50008DE4E /* ThemeColor.swift */ = {isa = PBXFileReference; lastKnownFileType = sourcecode.swift; path = ThemeColor.swift; sourceTree = "<group>"; };
		316565BD2BE3CB080008DE4E /* ThemeFont.swift */ = {isa = PBXFileReference; lastKnownFileType = sourcecode.swift; path = ThemeFont.swift; sourceTree = "<group>"; };
		316565C02BE3CB720008DE4E /* UIColor+Extension.swift */ = {isa = PBXFileReference; lastKnownFileType = sourcecode.swift; path = "UIColor+Extension.swift"; sourceTree = "<group>"; };
/* End PBXFileReference section */

/* Begin PBXFrameworksBuildPhase section */
		314E04102BE385BD0048F8C6 /* Frameworks */ = {
			isa = PBXFrameworksBuildPhase;
			buildActionMask = 2147483647;
			files = (
				31753E552BE38658009B0E6D /* CombineCocoa in Frameworks */,
				31753E582BE3866C009B0E6D /* SnapKit in Frameworks */,
			);
			runOnlyForDeploymentPostprocessing = 0;
		};
		314E04262BE385BF0048F8C6 /* Frameworks */ = {
			isa = PBXFrameworksBuildPhase;
			buildActionMask = 2147483647;
			files = (
				31753E5B2BE3867F009B0E6D /* CombineCocoa in Frameworks */,
				31753E5E2BE38698009B0E6D /* SnapshotTesting in Frameworks */,
			);
			runOnlyForDeploymentPostprocessing = 0;
		};
		314E04302BE385BF0048F8C6 /* Frameworks */ = {
			isa = PBXFrameworksBuildPhase;
			buildActionMask = 2147483647;
			files = (
				31753E602BE386A2009B0E6D /* CombineCocoa in Frameworks */,
			);
			runOnlyForDeploymentPostprocessing = 0;
		};
/* End PBXFrameworksBuildPhase section */

/* Begin PBXGroup section */
		314E040A2BE385BD0048F8C6 = {
			isa = PBXGroup;
			children = (
				314E04152BE385BD0048F8C6 /* swift-tip-calculator */,
				314E042C2BE385BF0048F8C6 /* swift-tip-calculatorTests */,
				314E04362BE385BF0048F8C6 /* swift-tip-calculatorUITests */,
				314E04142BE385BD0048F8C6 /* Products */,
				31753E592BE3867F009B0E6D /* Frameworks */,
			);
			sourceTree = "<group>";
		};
		314E04142BE385BD0048F8C6 /* Products */ = {
			isa = PBXGroup;
			children = (
				314E04132BE385BD0048F8C6 /* swift-tip-calculator.app */,
				314E04292BE385BF0048F8C6 /* swift-tip-calculatorTests.xctest */,
				314E04332BE385BF0048F8C6 /* swift-tip-calculatorUITests.xctest */,
			);
			name = Products;
			sourceTree = "<group>";
		};
		314E04152BE385BD0048F8C6 /* swift-tip-calculator */ = {
			isa = PBXGroup;
			children = (
				316565BF2BE3CB520008DE4E /* extension */,
				316565BA2BE3CAD70008DE4E /* config */,
				316565AF2BE3C0420008DE4E /* view */,
				314E04162BE385BD0048F8C6 /* AppDelegate.swift */,
				314E04182BE385BD0048F8C6 /* SceneDelegate.swift */,
				314E041A2BE385BD0048F8C6 /* CalculatorVC.swift */,
				314E041F2BE385BF0048F8C6 /* Assets.xcassets */,
				314E04212BE385BF0048F8C6 /* LaunchScreen.storyboard */,
				314E04242BE385BF0048F8C6 /* Info.plist */,
			);
			path = "swift-tip-calculator";
			sourceTree = "<group>";
		};
		314E042C2BE385BF0048F8C6 /* swift-tip-calculatorTests */ = {
			isa = PBXGroup;
			children = (
				314E042D2BE385BF0048F8C6 /* swift_tip_calculatorTests.swift */,
			);
			path = "swift-tip-calculatorTests";
			sourceTree = "<group>";
		};
		314E04362BE385BF0048F8C6 /* swift-tip-calculatorUITests */ = {
			isa = PBXGroup;
			children = (
				314E04372BE385BF0048F8C6 /* swift_tip_calculatorUITests.swift */,
				314E04392BE385BF0048F8C6 /* swift_tip_calculatorUITestsLaunchTests.swift */,
			);
			path = "swift-tip-calculatorUITests";
			sourceTree = "<group>";
		};
		316565AF2BE3C0420008DE4E /* view */ = {
			isa = PBXGroup;
			children = (
				316565B02BE3C07E0008DE4E /* LogoView.swift */,
				316565B22BE3C2090008DE4E /* ResultView.swift */,
				316565B42BE3C23C0008DE4E /* BillInputView.swift */,
				316565B62BE3C2530008DE4E /* TipInputView.swift */,
				316565B82BE3C26E0008DE4E /* SplitInputView.swift */,
			);
			path = view;
			sourceTree = "<group>";
		};
		316565BA2BE3CAD70008DE4E /* config */ = {
			isa = PBXGroup;
			children = (
				316565BB2BE3CAF50008DE4E /* ThemeColor.swift */,
				316565BD2BE3CB080008DE4E /* ThemeFont.swift */,
			);
			path = config;
			sourceTree = "<group>";
		};
		316565BF2BE3CB520008DE4E /* extension */ = {
			isa = PBXGroup;
			children = (
				316565C02BE3CB720008DE4E /* UIColor+Extension.swift */,
			);
			path = extension;
			sourceTree = "<group>";
		};
		31753E592BE3867F009B0E6D /* Frameworks */ = {
			isa = PBXGroup;
			children = (
			);
			name = Frameworks;
			sourceTree = "<group>";
		};
/* End PBXGroup section */

/* Begin PBXNativeTarget section */
		314E04122BE385BD0048F8C6 /* swift-tip-calculator */ = {
			isa = PBXNativeTarget;
			buildConfigurationList = 314E043D2BE385BF0048F8C6 /* Build configuration list for PBXNativeTarget "swift-tip-calculator" */;
			buildPhases = (
				314E040F2BE385BD0048F8C6 /* Sources */,
				314E04102BE385BD0048F8C6 /* Frameworks */,
				314E04112BE385BD0048F8C6 /* Resources */,
			);
			buildRules = (
			);
			dependencies = (
			);
			name = "swift-tip-calculator";
			packageProductDependencies = (
				31753E542BE38658009B0E6D /* CombineCocoa */,
				31753E572BE3866C009B0E6D /* SnapKit */,
			);
			productName = "swift-tip-calculator";
			productReference = 314E04132BE385BD0048F8C6 /* swift-tip-calculator.app */;
			productType = "com.apple.product-type.application";
		};
		314E04282BE385BF0048F8C6 /* swift-tip-calculatorTests */ = {
			isa = PBXNativeTarget;
			buildConfigurationList = 314E04402BE385BF0048F8C6 /* Build configuration list for PBXNativeTarget "swift-tip-calculatorTests" */;
			buildPhases = (
				314E04252BE385BF0048F8C6 /* Sources */,
				314E04262BE385BF0048F8C6 /* Frameworks */,
				314E04272BE385BF0048F8C6 /* Resources */,
			);
			buildRules = (
			);
			dependencies = (
				314E042B2BE385BF0048F8C6 /* PBXTargetDependency */,
			);
			name = "swift-tip-calculatorTests";
			packageProductDependencies = (
				31753E5A2BE3867F009B0E6D /* CombineCocoa */,
				31753E5D2BE38698009B0E6D /* SnapshotTesting */,
			);
			productName = "swift-tip-calculatorTests";
			productReference = 314E04292BE385BF0048F8C6 /* swift-tip-calculatorTests.xctest */;
			productType = "com.apple.product-type.bundle.unit-test";
		};
		314E04322BE385BF0048F8C6 /* swift-tip-calculatorUITests */ = {
			isa = PBXNativeTarget;
			buildConfigurationList = 314E04432BE385BF0048F8C6 /* Build configuration list for PBXNativeTarget "swift-tip-calculatorUITests" */;
			buildPhases = (
				314E042F2BE385BF0048F8C6 /* Sources */,
				314E04302BE385BF0048F8C6 /* Frameworks */,
				314E04312BE385BF0048F8C6 /* Resources */,
			);
			buildRules = (
			);
			dependencies = (
				314E04352BE385BF0048F8C6 /* PBXTargetDependency */,
			);
			name = "swift-tip-calculatorUITests";
			packageProductDependencies = (
				31753E5F2BE386A2009B0E6D /* CombineCocoa */,
			);
			productName = "swift-tip-calculatorUITests";
			productReference = 314E04332BE385BF0048F8C6 /* swift-tip-calculatorUITests.xctest */;
			productType = "com.apple.product-type.bundle.ui-testing";
		};
/* End PBXNativeTarget section */

/* Begin PBXProject section */
		314E040B2BE385BD0048F8C6 /* Project object */ = {
			isa = PBXProject;
			attributes = {
				BuildIndependentTargetsInParallel = 1;
				LastSwiftUpdateCheck = 1530;
				LastUpgradeCheck = 1530;
				TargetAttributes = {
					314E04122BE385BD0048F8C6 = {
						CreatedOnToolsVersion = 15.3;
					};
					314E04282BE385BF0048F8C6 = {
						CreatedOnToolsVersion = 15.3;
						TestTargetID = 314E04122BE385BD0048F8C6;
					};
					314E04322BE385BF0048F8C6 = {
						CreatedOnToolsVersion = 15.3;
						TestTargetID = 314E04122BE385BD0048F8C6;
					};
				};
			};
			buildConfigurationList = 314E040E2BE385BD0048F8C6 /* Build configuration list for PBXProject "swift-tip-calculator" */;
			compatibilityVersion = "Xcode 14.0";
			developmentRegion = en;
			hasScannedForEncodings = 0;
			knownRegions = (
				en,
				Base,
			);
			mainGroup = 314E040A2BE385BD0048F8C6;
			packageReferences = (
				31753E532BE38658009B0E6D /* XCRemoteSwiftPackageReference "CombineCocoa" */,
				31753E562BE3866C009B0E6D /* XCRemoteSwiftPackageReference "SnapKit" */,
				31753E5C2BE38698009B0E6D /* XCRemoteSwiftPackageReference "swift-snapshot-testing" */,
			);
			productRefGroup = 314E04142BE385BD0048F8C6 /* Products */;
			projectDirPath = "";
			projectRoot = "";
			targets = (
				314E04122BE385BD0048F8C6 /* swift-tip-calculator */,
				314E04282BE385BF0048F8C6 /* swift-tip-calculatorTests */,
				314E04322BE385BF0048F8C6 /* swift-tip-calculatorUITests */,
			);
		};
/* End PBXProject section */

/* Begin PBXResourcesBuildPhase section */
		314E04112BE385BD0048F8C6 /* Resources */ = {
			isa = PBXResourcesBuildPhase;
			buildActionMask = 2147483647;
			files = (
				314E04202BE385BF0048F8C6 /* Assets.xcassets in Resources */,
				314E04232BE385BF0048F8C6 /* Base in Resources */,
			);
			runOnlyForDeploymentPostprocessing = 0;
		};
		314E04272BE385BF0048F8C6 /* Resources */ = {
			isa = PBXResourcesBuildPhase;
			buildActionMask = 2147483647;
			files = (
			);
			runOnlyForDeploymentPostprocessing = 0;
		};
		314E04312BE385BF0048F8C6 /* Resources */ = {
			isa = PBXResourcesBuildPhase;
			buildActionMask = 2147483647;
			files = (
			);
			runOnlyForDeploymentPostprocessing = 0;
		};
/* End PBXResourcesBuildPhase section */

/* Begin PBXSourcesBuildPhase section */
		314E040F2BE385BD0048F8C6 /* Sources */ = {
			isa = PBXSourcesBuildPhase;
			buildActionMask = 2147483647;
			files = (
				314E041B2BE385BD0048F8C6 /* CalculatorVC.swift in Sources */,
				316565B12BE3C07E0008DE4E /* LogoView.swift in Sources */,
				316565BC2BE3CAF50008DE4E /* ThemeColor.swift in Sources */,
				316565C12BE3CB720008DE4E /* UIColor+Extension.swift in Sources */,
				316565B52BE3C23C0008DE4E /* BillInputView.swift in Sources */,
				316565B32BE3C2090008DE4E /* ResultView.swift in Sources */,
				314E04172BE385BD0048F8C6 /* AppDelegate.swift in Sources */,
				316565BE2BE3CB080008DE4E /* ThemeFont.swift in Sources */,
				314E04192BE385BD0048F8C6 /* SceneDelegate.swift in Sources */,
				316565B92BE3C26E0008DE4E /* SplitInputView.swift in Sources */,
				316565B72BE3C2530008DE4E /* TipInputView.swift in Sources */,
			);
			runOnlyForDeploymentPostprocessing = 0;
		};
		314E04252BE385BF0048F8C6 /* Sources */ = {
			isa = PBXSourcesBuildPhase;
			buildActionMask = 2147483647;
			files = (
				314E042E2BE385BF0048F8C6 /* swift_tip_calculatorTests.swift in Sources */,
			);
			runOnlyForDeploymentPostprocessing = 0;
		};
		314E042F2BE385BF0048F8C6 /* Sources */ = {
			isa = PBXSourcesBuildPhase;
			buildActionMask = 2147483647;
			files = (
				314E043A2BE385BF0048F8C6 /* swift_tip_calculatorUITestsLaunchTests.swift in Sources */,
				314E04382BE385BF0048F8C6 /* swift_tip_calculatorUITests.swift in Sources */,
			);
			runOnlyForDeploymentPostprocessing = 0;
		};
/* End PBXSourcesBuildPhase section */

/* Begin PBXTargetDependency section */
		314E042B2BE385BF0048F8C6 /* PBXTargetDependency */ = {
			isa = PBXTargetDependency;
			target = 314E04122BE385BD0048F8C6 /* swift-tip-calculator */;
			targetProxy = 314E042A2BE385BF0048F8C6 /* PBXContainerItemProxy */;
		};
		314E04352BE385BF0048F8C6 /* PBXTargetDependency */ = {
			isa = PBXTargetDependency;
			target = 314E04122BE385BD0048F8C6 /* swift-tip-calculator */;
			targetProxy = 314E04342BE385BF0048F8C6 /* PBXContainerItemProxy */;
		};
/* End PBXTargetDependency section */

/* Begin PBXVariantGroup section */
		314E04212BE385BF0048F8C6 /* LaunchScreen.storyboard */ = {
			isa = PBXVariantGroup;
			children = (
				314E04222BE385BF0048F8C6 /* Base */,
			);
			name = LaunchScreen.storyboard;
			sourceTree = "<group>";
		};
/* End PBXVariantGroup section */

/* Begin XCBuildConfiguration section */
		314E043B2BE385BF0048F8C6 /* Debug */ = {
			isa = XCBuildConfiguration;
			buildSettings = {
				ALWAYS_SEARCH_USER_PATHS = NO;
				ASSETCATALOG_COMPILER_GENERATE_SWIFT_ASSET_SYMBOL_EXTENSIONS = YES;
				CLANG_ANALYZER_NONNULL = YES;
				CLANG_ANALYZER_NUMBER_OBJECT_CONVERSION = YES_AGGRESSIVE;
				CLANG_CXX_LANGUAGE_STANDARD = "gnu++20";
				CLANG_ENABLE_MODULES = YES;
				CLANG_ENABLE_OBJC_ARC = YES;
				CLANG_ENABLE_OBJC_WEAK = YES;
				CLANG_WARN_BLOCK_CAPTURE_AUTORELEASING = YES;
				CLANG_WARN_BOOL_CONVERSION = YES;
				CLANG_WARN_COMMA = YES;
				CLANG_WARN_CONSTANT_CONVERSION = YES;
				CLANG_WARN_DEPRECATED_OBJC_IMPLEMENTATIONS = YES;
				CLANG_WARN_DIRECT_OBJC_ISA_USAGE = YES_ERROR;
				CLANG_WARN_DOCUMENTATION_COMMENTS = YES;
				CLANG_WARN_EMPTY_BODY = YES;
				CLANG_WARN_ENUM_CONVERSION = YES;
				CLANG_WARN_INFINITE_RECURSION = YES;
				CLANG_WARN_INT_CONVERSION = YES;
				CLANG_WARN_NON_LITERAL_NULL_CONVERSION = YES;
				CLANG_WARN_OBJC_IMPLICIT_RETAIN_SELF = YES;
				CLANG_WARN_OBJC_LITERAL_CONVERSION = YES;
				CLANG_WARN_OBJC_ROOT_CLASS = YES_ERROR;
				CLANG_WARN_QUOTED_INCLUDE_IN_FRAMEWORK_HEADER = YES;
				CLANG_WARN_RANGE_LOOP_ANALYSIS = YES;
				CLANG_WARN_STRICT_PROTOTYPES = YES;
				CLANG_WARN_SUSPICIOUS_MOVE = YES;
				CLANG_WARN_UNGUARDED_AVAILABILITY = YES_AGGRESSIVE;
				CLANG_WARN_UNREACHABLE_CODE = YES;
				CLANG_WARN__DUPLICATE_METHOD_MATCH = YES;
				COPY_PHASE_STRIP = NO;
				DEBUG_INFORMATION_FORMAT = dwarf;
				ENABLE_STRICT_OBJC_MSGSEND = YES;
				ENABLE_TESTABILITY = YES;
				ENABLE_USER_SCRIPT_SANDBOXING = YES;
				GCC_C_LANGUAGE_STANDARD = gnu17;
				GCC_DYNAMIC_NO_PIC = NO;
				GCC_NO_COMMON_BLOCKS = YES;
				GCC_OPTIMIZATION_LEVEL = 0;
				GCC_PREPROCESSOR_DEFINITIONS = (
					"DEBUG=1",
					"$(inherited)",
				);
				GCC_WARN_64_TO_32_BIT_CONVERSION = YES;
				GCC_WARN_ABOUT_RETURN_TYPE = YES_ERROR;
				GCC_WARN_UNDECLARED_SELECTOR = YES;
				GCC_WARN_UNINITIALIZED_AUTOS = YES_AGGRESSIVE;
				GCC_WARN_UNUSED_FUNCTION = YES;
				GCC_WARN_UNUSED_VARIABLE = YES;
				IPHONEOS_DEPLOYMENT_TARGET = 17.4;
				LOCALIZATION_PREFERS_STRING_CATALOGS = YES;
				MTL_ENABLE_DEBUG_INFO = INCLUDE_SOURCE;
				MTL_FAST_MATH = YES;
				ONLY_ACTIVE_ARCH = YES;
				SDKROOT = iphoneos;
				SWIFT_ACTIVE_COMPILATION_CONDITIONS = "DEBUG $(inherited)";
				SWIFT_OPTIMIZATION_LEVEL = "-Onone";
			};
			name = Debug;
		};
		314E043C2BE385BF0048F8C6 /* Release */ = {
			isa = XCBuildConfiguration;
			buildSettings = {
				ALWAYS_SEARCH_USER_PATHS = NO;
				ASSETCATALOG_COMPILER_GENERATE_SWIFT_ASSET_SYMBOL_EXTENSIONS = YES;
				CLANG_ANALYZER_NONNULL = YES;
				CLANG_ANALYZER_NUMBER_OBJECT_CONVERSION = YES_AGGRESSIVE;
				CLANG_CXX_LANGUAGE_STANDARD = "gnu++20";
				CLANG_ENABLE_MODULES = YES;
				CLANG_ENABLE_OBJC_ARC = YES;
				CLANG_ENABLE_OBJC_WEAK = YES;
				CLANG_WARN_BLOCK_CAPTURE_AUTORELEASING = YES;
				CLANG_WARN_BOOL_CONVERSION = YES;
				CLANG_WARN_COMMA = YES;
				CLANG_WARN_CONSTANT_CONVERSION = YES;
				CLANG_WARN_DEPRECATED_OBJC_IMPLEMENTATIONS = YES;
				CLANG_WARN_DIRECT_OBJC_ISA_USAGE = YES_ERROR;
				CLANG_WARN_DOCUMENTATION_COMMENTS = YES;
				CLANG_WARN_EMPTY_BODY = YES;
				CLANG_WARN_ENUM_CONVERSION = YES;
				CLANG_WARN_INFINITE_RECURSION = YES;
				CLANG_WARN_INT_CONVERSION = YES;
				CLANG_WARN_NON_LITERAL_NULL_CONVERSION = YES;
				CLANG_WARN_OBJC_IMPLICIT_RETAIN_SELF = YES;
				CLANG_WARN_OBJC_LITERAL_CONVERSION = YES;
				CLANG_WARN_OBJC_ROOT_CLASS = YES_ERROR;
				CLANG_WARN_QUOTED_INCLUDE_IN_FRAMEWORK_HEADER = YES;
				CLANG_WARN_RANGE_LOOP_ANALYSIS = YES;
				CLANG_WARN_STRICT_PROTOTYPES = YES;
				CLANG_WARN_SUSPICIOUS_MOVE = YES;
				CLANG_WARN_UNGUARDED_AVAILABILITY = YES_AGGRESSIVE;
				CLANG_WARN_UNREACHABLE_CODE = YES;
				CLANG_WARN__DUPLICATE_METHOD_MATCH = YES;
				COPY_PHASE_STRIP = NO;
				DEBUG_INFORMATION_FORMAT = "dwarf-with-dsym";
				ENABLE_NS_ASSERTIONS = NO;
				ENABLE_STRICT_OBJC_MSGSEND = YES;
				ENABLE_USER_SCRIPT_SANDBOXING = YES;
				GCC_C_LANGUAGE_STANDARD = gnu17;
				GCC_NO_COMMON_BLOCKS = YES;
				GCC_WARN_64_TO_32_BIT_CONVERSION = YES;
				GCC_WARN_ABOUT_RETURN_TYPE = YES_ERROR;
				GCC_WARN_UNDECLARED_SELECTOR = YES;
				GCC_WARN_UNINITIALIZED_AUTOS = YES_AGGRESSIVE;
				GCC_WARN_UNUSED_FUNCTION = YES;
				GCC_WARN_UNUSED_VARIABLE = YES;
				IPHONEOS_DEPLOYMENT_TARGET = 17.4;
				LOCALIZATION_PREFERS_STRING_CATALOGS = YES;
				MTL_ENABLE_DEBUG_INFO = NO;
				MTL_FAST_MATH = YES;
				SDKROOT = iphoneos;
				SWIFT_COMPILATION_MODE = wholemodule;
				VALIDATE_PRODUCT = YES;
			};
			name = Release;
		};
		314E043E2BE385BF0048F8C6 /* Debug */ = {
			isa = XCBuildConfiguration;
			buildSettings = {
				ASSETCATALOG_COMPILER_APPICON_NAME = AppIcon;
				ASSETCATALOG_COMPILER_GLOBAL_ACCENT_COLOR_NAME = AccentColor;
				CODE_SIGN_STYLE = Automatic;
				CURRENT_PROJECT_VERSION = 1;
				DEVELOPMENT_TEAM = 6E66L27LG6;
				GENERATE_INFOPLIST_FILE = YES;
				INFOPLIST_FILE = "swift-tip-calculator/Info.plist";
				INFOPLIST_KEY_UIApplicationSupportsIndirectInputEvents = YES;
				INFOPLIST_KEY_UILaunchStoryboardName = LaunchScreen;
				INFOPLIST_KEY_UISupportedInterfaceOrientations_iPad = "UIInterfaceOrientationPortrait UIInterfaceOrientationPortraitUpsideDown UIInterfaceOrientationLandscapeLeft UIInterfaceOrientationLandscapeRight";
				INFOPLIST_KEY_UISupportedInterfaceOrientations_iPhone = "UIInterfaceOrientationPortrait UIInterfaceOrientationLandscapeLeft UIInterfaceOrientationLandscapeRight";
				LD_RUNPATH_SEARCH_PATHS = (
					"$(inherited)",
					"@executable_path/Frameworks",
				);
				MARKETING_VERSION = 1.0;
				PRODUCT_BUNDLE_IDENTIFIER = "com.samiparken.swift-tip-calculator";
				PRODUCT_NAME = "$(TARGET_NAME)";
				SWIFT_EMIT_LOC_STRINGS = YES;
				SWIFT_VERSION = 5.0;
				TARGETED_DEVICE_FAMILY = "1,2";
			};
			name = Debug;
		};
		314E043F2BE385BF0048F8C6 /* Release */ = {
			isa = XCBuildConfiguration;
			buildSettings = {
				ASSETCATALOG_COMPILER_APPICON_NAME = AppIcon;
				ASSETCATALOG_COMPILER_GLOBAL_ACCENT_COLOR_NAME = AccentColor;
				CODE_SIGN_STYLE = Automatic;
				CURRENT_PROJECT_VERSION = 1;
				DEVELOPMENT_TEAM = 6E66L27LG6;
				GENERATE_INFOPLIST_FILE = YES;
				INFOPLIST_FILE = "swift-tip-calculator/Info.plist";
				INFOPLIST_KEY_UIApplicationSupportsIndirectInputEvents = YES;
				INFOPLIST_KEY_UILaunchStoryboardName = LaunchScreen;
				INFOPLIST_KEY_UISupportedInterfaceOrientations_iPad = "UIInterfaceOrientationPortrait UIInterfaceOrientationPortraitUpsideDown UIInterfaceOrientationLandscapeLeft UIInterfaceOrientationLandscapeRight";
				INFOPLIST_KEY_UISupportedInterfaceOrientations_iPhone = "UIInterfaceOrientationPortrait UIInterfaceOrientationLandscapeLeft UIInterfaceOrientationLandscapeRight";
				LD_RUNPATH_SEARCH_PATHS = (
					"$(inherited)",
					"@executable_path/Frameworks",
				);
				MARKETING_VERSION = 1.0;
				PRODUCT_BUNDLE_IDENTIFIER = "com.samiparken.swift-tip-calculator";
				PRODUCT_NAME = "$(TARGET_NAME)";
				SWIFT_EMIT_LOC_STRINGS = YES;
				SWIFT_VERSION = 5.0;
				TARGETED_DEVICE_FAMILY = "1,2";
			};
			name = Release;
		};
		314E04412BE385BF0048F8C6 /* Debug */ = {
			isa = XCBuildConfiguration;
			buildSettings = {
				ALWAYS_EMBED_SWIFT_STANDARD_LIBRARIES = YES;
				BUNDLE_LOADER = "$(TEST_HOST)";
				CODE_SIGN_STYLE = Automatic;
				CURRENT_PROJECT_VERSION = 1;
				DEVELOPMENT_TEAM = 6E66L27LG6;
				GENERATE_INFOPLIST_FILE = YES;
				IPHONEOS_DEPLOYMENT_TARGET = 17.4;
				MARKETING_VERSION = 1.0;
				PRODUCT_BUNDLE_IDENTIFIER = "com.samiparken.swift-tip-calculatorTests";
				PRODUCT_NAME = "$(TARGET_NAME)";
				SWIFT_EMIT_LOC_STRINGS = NO;
				SWIFT_VERSION = 5.0;
				TARGETED_DEVICE_FAMILY = "1,2";
				TEST_HOST = "$(BUILT_PRODUCTS_DIR)/swift-tip-calculator.app/$(BUNDLE_EXECUTABLE_FOLDER_PATH)/swift-tip-calculator";
			};
			name = Debug;
		};
		314E04422BE385BF0048F8C6 /* Release */ = {
			isa = XCBuildConfiguration;
			buildSettings = {
				ALWAYS_EMBED_SWIFT_STANDARD_LIBRARIES = YES;
				BUNDLE_LOADER = "$(TEST_HOST)";
				CODE_SIGN_STYLE = Automatic;
				CURRENT_PROJECT_VERSION = 1;
				DEVELOPMENT_TEAM = 6E66L27LG6;
				GENERATE_INFOPLIST_FILE = YES;
				IPHONEOS_DEPLOYMENT_TARGET = 17.4;
				MARKETING_VERSION = 1.0;
				PRODUCT_BUNDLE_IDENTIFIER = "com.samiparken.swift-tip-calculatorTests";
				PRODUCT_NAME = "$(TARGET_NAME)";
				SWIFT_EMIT_LOC_STRINGS = NO;
				SWIFT_VERSION = 5.0;
				TARGETED_DEVICE_FAMILY = "1,2";
				TEST_HOST = "$(BUILT_PRODUCTS_DIR)/swift-tip-calculator.app/$(BUNDLE_EXECUTABLE_FOLDER_PATH)/swift-tip-calculator";
			};
			name = Release;
		};
		314E04442BE385BF0048F8C6 /* Debug */ = {
			isa = XCBuildConfiguration;
			buildSettings = {
				ALWAYS_EMBED_SWIFT_STANDARD_LIBRARIES = YES;
				CODE_SIGN_STYLE = Automatic;
				CURRENT_PROJECT_VERSION = 1;
				DEVELOPMENT_TEAM = 6E66L27LG6;
				GENERATE_INFOPLIST_FILE = YES;
				MARKETING_VERSION = 1.0;
				PRODUCT_BUNDLE_IDENTIFIER = "com.samiparken.swift-tip-calculatorUITests";
				PRODUCT_NAME = "$(TARGET_NAME)";
				SWIFT_EMIT_LOC_STRINGS = NO;
				SWIFT_VERSION = 5.0;
				TARGETED_DEVICE_FAMILY = "1,2";
				TEST_TARGET_NAME = "swift-tip-calculator";
			};
			name = Debug;
		};
		314E04452BE385BF0048F8C6 /* Release */ = {
			isa = XCBuildConfiguration;
			buildSettings = {
				ALWAYS_EMBED_SWIFT_STANDARD_LIBRARIES = YES;
				CODE_SIGN_STYLE = Automatic;
				CURRENT_PROJECT_VERSION = 1;
				DEVELOPMENT_TEAM = 6E66L27LG6;
				GENERATE_INFOPLIST_FILE = YES;
				MARKETING_VERSION = 1.0;
				PRODUCT_BUNDLE_IDENTIFIER = "com.samiparken.swift-tip-calculatorUITests";
				PRODUCT_NAME = "$(TARGET_NAME)";
				SWIFT_EMIT_LOC_STRINGS = NO;
				SWIFT_VERSION = 5.0;
				TARGETED_DEVICE_FAMILY = "1,2";
				TEST_TARGET_NAME = "swift-tip-calculator";
			};
			name = Release;
		};
/* End XCBuildConfiguration section */

/* Begin XCConfigurationList section */
		314E040E2BE385BD0048F8C6 /* Build configuration list for PBXProject "swift-tip-calculator" */ = {
			isa = XCConfigurationList;
			buildConfigurations = (
				314E043B2BE385BF0048F8C6 /* Debug */,
				314E043C2BE385BF0048F8C6 /* Release */,
			);
			defaultConfigurationIsVisible = 0;
			defaultConfigurationName = Release;
		};
		314E043D2BE385BF0048F8C6 /* Build configuration list for PBXNativeTarget "swift-tip-calculator" */ = {
			isa = XCConfigurationList;
			buildConfigurations = (
				314E043E2BE385BF0048F8C6 /* Debug */,
				314E043F2BE385BF0048F8C6 /* Release */,
			);
			defaultConfigurationIsVisible = 0;
			defaultConfigurationName = Release;
		};
		314E04402BE385BF0048F8C6 /* Build configuration list for PBXNativeTarget "swift-tip-calculatorTests" */ = {
			isa = XCConfigurationList;
			buildConfigurations = (
				314E04412BE385BF0048F8C6 /* Debug */,
				314E04422BE385BF0048F8C6 /* Release */,
			);
			defaultConfigurationIsVisible = 0;
			defaultConfigurationName = Release;
		};
		314E04432BE385BF0048F8C6 /* Build configuration list for PBXNativeTarget "swift-tip-calculatorUITests" */ = {
			isa = XCConfigurationList;
			buildConfigurations = (
				314E04442BE385BF0048F8C6 /* Debug */,
				314E04452BE385BF0048F8C6 /* Release */,
			);
			defaultConfigurationIsVisible = 0;
			defaultConfigurationName = Release;
		};
/* End XCConfigurationList section */

/* Begin XCRemoteSwiftPackageReference section */
		31753E532BE38658009B0E6D /* XCRemoteSwiftPackageReference "CombineCocoa" */ = {
			isa = XCRemoteSwiftPackageReference;
			repositoryURL = "https://github.com/CombineCommunity/CombineCocoa";
			requirement = {
				kind = upToNextMinorVersion;
				minimumVersion = 0.4.1;
			};
		};
		31753E562BE3866C009B0E6D /* XCRemoteSwiftPackageReference "SnapKit" */ = {
			isa = XCRemoteSwiftPackageReference;
			repositoryURL = "https://github.com/SnapKit/SnapKit";
			requirement = {
				kind = upToNextMinorVersion;
				minimumVersion = 5.7.1;
			};
		};
		31753E5C2BE38698009B0E6D /* XCRemoteSwiftPackageReference "swift-snapshot-testing" */ = {
			isa = XCRemoteSwiftPackageReference;
			repositoryURL = "https://github.com/pointfreeco/swift-snapshot-testing";
			requirement = {
				kind = upToNextMinorVersion;
				minimumVersion = 1.16.0;
			};
		};
/* End XCRemoteSwiftPackageReference section */

/* Begin XCSwiftPackageProductDependency section */
		31753E542BE38658009B0E6D /* CombineCocoa */ = {
			isa = XCSwiftPackageProductDependency;
			package = 31753E532BE38658009B0E6D /* XCRemoteSwiftPackageReference "CombineCocoa" */;
			productName = CombineCocoa;
		};
		31753E572BE3866C009B0E6D /* SnapKit */ = {
			isa = XCSwiftPackageProductDependency;
			package = 31753E562BE3866C009B0E6D /* XCRemoteSwiftPackageReference "SnapKit" */;
			productName = SnapKit;
		};
		31753E5A2BE3867F009B0E6D /* CombineCocoa */ = {
			isa = XCSwiftPackageProductDependency;
			package = 31753E532BE38658009B0E6D /* XCRemoteSwiftPackageReference "CombineCocoa" */;
			productName = CombineCocoa;
		};
		31753E5D2BE38698009B0E6D /* SnapshotTesting */ = {
			isa = XCSwiftPackageProductDependency;
			package = 31753E5C2BE38698009B0E6D /* XCRemoteSwiftPackageReference "swift-snapshot-testing" */;
			productName = SnapshotTesting;
		};
		31753E5F2BE386A2009B0E6D /* CombineCocoa */ = {
			isa = XCSwiftPackageProductDependency;
			package = 31753E532BE38658009B0E6D /* XCRemoteSwiftPackageReference "CombineCocoa" */;
			productName = CombineCocoa;
		};
/* End XCSwiftPackageProductDependency section */
	};
	rootObject = 314E040B2BE385BD0048F8C6 /* Project object */;
}
